// !$*UTF8*$!
{
	archiveVersion = 1;
	classes = {
	};
	objectVersion = 46;
	objects = {

/* Begin PBXBuildFile section */
		012EC9BA1AD71A9400EE019C /* WhitneySSm-Bold-Bas.otf in Resources */ = {isa = PBXBuildFile; fileRef = 012EC9B81AD71A9400EE019C /* WhitneySSm-Bold-Bas.otf */; };
		012EC9BB1AD71A9400EE019C /* WhitneySSm-Book-Bas.otf in Resources */ = {isa = PBXBuildFile; fileRef = 012EC9B91AD71A9400EE019C /* WhitneySSm-Book-Bas.otf */; };
		012F056A1A5F176900329B22 /* HummingbirdNavigationViewController.m in Sources */ = {isa = PBXBuildFile; fileRef = 012F05691A5F176900329B22 /* HummingbirdNavigationViewController.m */; };
		0150E35B1A40AFA60045E015 /* main.m in Sources */ = {isa = PBXBuildFile; fileRef = 0150E35A1A40AFA60045E015 /* main.m */; };
		0150E35E1A40AFA60045E015 /* AppDelegate.m in Sources */ = {isa = PBXBuildFile; fileRef = 0150E35D1A40AFA60045E015 /* AppDelegate.m */; };
		0150E3611A40AFA60045E015 /* AuthViewController.m in Sources */ = {isa = PBXBuildFile; fileRef = 0150E3601A40AFA60045E015 /* AuthViewController.m */; };
		0150E3641A40AFA60045E015 /* Main.storyboard in Resources */ = {isa = PBXBuildFile; fileRef = 0150E3621A40AFA60045E015 /* Main.storyboard */; };
		0150E3661A40AFA60045E015 /* Images.xcassets in Resources */ = {isa = PBXBuildFile; fileRef = 0150E3651A40AFA60045E015 /* Images.xcassets */; };
		0150E3691A40AFA60045E015 /* LaunchScreen.xib in Resources */ = {isa = PBXBuildFile; fileRef = 0150E3671A40AFA60045E015 /* LaunchScreen.xib */; };
		0150E3751A40AFA60045E015 /* hummingbirdTests.m in Sources */ = {isa = PBXBuildFile; fileRef = 0150E3741A40AFA60045E015 /* hummingbirdTests.m */; };
		01A453121A5DDFF800C196E5 /* DiscoveryViewController.m in Sources */ = {isa = PBXBuildFile; fileRef = 01A453111A5DDFF800C196E5 /* DiscoveryViewController.m */; };
		01A453151A5DE4A500C196E5 /* GroupCollectionViewCell.m in Sources */ = {isa = PBXBuildFile; fileRef = 01A453141A5DE4A500C196E5 /* GroupCollectionViewCell.m */; };
		73B086613DB016666E07DEF7 /* libPods-hummingbird.a in Frameworks */ = {isa = PBXBuildFile; fileRef = 99E2AE62D2E3E06E8B26E252 /* libPods-hummingbird.a */; };
/* End PBXBuildFile section */

/* Begin PBXContainerItemProxy section */
		0150E36F1A40AFA60045E015 /* PBXContainerItemProxy */ = {
			isa = PBXContainerItemProxy;
			containerPortal = 0150E34D1A40AFA60045E015 /* Project object */;
			proxyType = 1;
			remoteGlobalIDString = 0150E3541A40AFA60045E015;
			remoteInfo = hummingbird;
		};
/* End PBXContainerItemProxy section */

/* Begin PBXFileReference section */
		012EC9B81AD71A9400EE019C /* WhitneySSm-Bold-Bas.otf */ = {isa = PBXFileReference; lastKnownFileType = file; path = "WhitneySSm-Bold-Bas.otf"; sourceTree = "<group>"; };
		012EC9B91AD71A9400EE019C /* WhitneySSm-Book-Bas.otf */ = {isa = PBXFileReference; lastKnownFileType = file; path = "WhitneySSm-Book-Bas.otf"; sourceTree = "<group>"; };
		012F05681A5F176900329B22 /* HummingbirdNavigationViewController.h */ = {isa = PBXFileReference; fileEncoding = 4; lastKnownFileType = sourcecode.c.h; path = HummingbirdNavigationViewController.h; sourceTree = "<group>"; };
		012F05691A5F176900329B22 /* HummingbirdNavigationViewController.m */ = {isa = PBXFileReference; fileEncoding = 4; lastKnownFileType = sourcecode.c.objc; path = HummingbirdNavigationViewController.m; sourceTree = "<group>"; };
		0150E3551A40AFA60045E015 /* hummingbird.app */ = {isa = PBXFileReference; explicitFileType = wrapper.application; includeInIndex = 0; path = hummingbird.app; sourceTree = BUILT_PRODUCTS_DIR; };
		0150E3591A40AFA60045E015 /* Info.plist */ = {isa = PBXFileReference; lastKnownFileType = text.plist.xml; path = Info.plist; sourceTree = "<group>"; };
		0150E35A1A40AFA60045E015 /* main.m */ = {isa = PBXFileReference; lastKnownFileType = sourcecode.c.objc; path = main.m; sourceTree = "<group>"; };
		0150E35C1A40AFA60045E015 /* AppDelegate.h */ = {isa = PBXFileReference; lastKnownFileType = sourcecode.c.h; path = AppDelegate.h; sourceTree = "<group>"; };
		0150E35D1A40AFA60045E015 /* AppDelegate.m */ = {isa = PBXFileReference; lastKnownFileType = sourcecode.c.objc; path = AppDelegate.m; sourceTree = "<group>"; };
		0150E35F1A40AFA60045E015 /* AuthViewController.h */ = {isa = PBXFileReference; lastKnownFileType = sourcecode.c.h; path = AuthViewController.h; sourceTree = "<group>"; };
		0150E3601A40AFA60045E015 /* AuthViewController.m */ = {isa = PBXFileReference; lastKnownFileType = sourcecode.c.objc; path = AuthViewController.m; sourceTree = "<group>"; };
		0150E3631A40AFA60045E015 /* Base */ = {isa = PBXFileReference; lastKnownFileType = file.storyboard; name = Base; path = Base.lproj/Main.storyboard; sourceTree = "<group>"; };
		0150E3651A40AFA60045E015 /* Images.xcassets */ = {isa = PBXFileReference; lastKnownFileType = folder.assetcatalog; path = Images.xcassets; sourceTree = "<group>"; };
		0150E3681A40AFA60045E015 /* Base */ = {isa = PBXFileReference; lastKnownFileType = file.xib; name = Base; path = Base.lproj/LaunchScreen.xib; sourceTree = "<group>"; };
		0150E36E1A40AFA60045E015 /* hummingbirdTests.xctest */ = {isa = PBXFileReference; explicitFileType = wrapper.cfbundle; includeInIndex = 0; path = hummingbirdTests.xctest; sourceTree = BUILT_PRODUCTS_DIR; };
		0150E3731A40AFA60045E015 /* Info.plist */ = {isa = PBXFileReference; lastKnownFileType = text.plist.xml; path = Info.plist; sourceTree = "<group>"; };
		0150E3741A40AFA60045E015 /* hummingbirdTests.m */ = {isa = PBXFileReference; lastKnownFileType = sourcecode.c.objc; path = hummingbirdTests.m; sourceTree = "<group>"; };
		01A453101A5DDFF800C196E5 /* DiscoveryViewController.h */ = {isa = PBXFileReference; fileEncoding = 4; lastKnownFileType = sourcecode.c.h; name = DiscoveryViewController.h; path = ../Pods/DiscoveryViewController.h; sourceTree = "<group>"; };
		01A453111A5DDFF800C196E5 /* DiscoveryViewController.m */ = {isa = PBXFileReference; fileEncoding = 4; lastKnownFileType = sourcecode.c.objc; name = DiscoveryViewController.m; path = ../Pods/DiscoveryViewController.m; sourceTree = "<group>"; };
		01A453131A5DE4A500C196E5 /* GroupCollectionViewCell.h */ = {isa = PBXFileReference; fileEncoding = 4; lastKnownFileType = sourcecode.c.h; path = GroupCollectionViewCell.h; sourceTree = "<group>"; };
		01A453141A5DE4A500C196E5 /* GroupCollectionViewCell.m */ = {isa = PBXFileReference; fileEncoding = 4; lastKnownFileType = sourcecode.c.objc; path = GroupCollectionViewCell.m; sourceTree = "<group>"; };
		749D66F874AC65B0C9CAF588 /* Pods-hummingbird.release.xcconfig */ = {isa = PBXFileReference; includeInIndex = 1; lastKnownFileType = text.xcconfig; name = "Pods-hummingbird.release.xcconfig"; path = "Pods/Target Support Files/Pods-hummingbird/Pods-hummingbird.release.xcconfig"; sourceTree = "<group>"; };
		99E2AE62D2E3E06E8B26E252 /* libPods-hummingbird.a */ = {isa = PBXFileReference; explicitFileType = archive.ar; includeInIndex = 0; path = "libPods-hummingbird.a"; sourceTree = BUILT_PRODUCTS_DIR; };
		AF7B361CD53CCD5BBA86E511 /* Pods-hummingbird.debug.xcconfig */ = {isa = PBXFileReference; includeInIndex = 1; lastKnownFileType = text.xcconfig; name = "Pods-hummingbird.debug.xcconfig"; path = "Pods/Target Support Files/Pods-hummingbird/Pods-hummingbird.debug.xcconfig"; sourceTree = "<group>"; };
/* End PBXFileReference section */

/* Begin PBXFrameworksBuildPhase section */
		0150E3521A40AFA60045E015 /* Frameworks */ = {
			isa = PBXFrameworksBuildPhase;
			buildActionMask = 2147483647;
			files = (
				73B086613DB016666E07DEF7 /* libPods-hummingbird.a in Frameworks */,
			);
			runOnlyForDeploymentPostprocessing = 0;
		};
		0150E36B1A40AFA60045E015 /* Frameworks */ = {
			isa = PBXFrameworksBuildPhase;
			buildActionMask = 2147483647;
			files = (
			);
			runOnlyForDeploymentPostprocessing = 0;
		};
/* End PBXFrameworksBuildPhase section */

/* Begin PBXGroup section */
		012EC9B51AD71A2200EE019C /* Resources */ = {
			isa = PBXGroup;
			children = (
				012EC9B81AD71A9400EE019C /* WhitneySSm-Bold-Bas.otf */,
				012EC9B91AD71A9400EE019C /* WhitneySSm-Book-Bas.otf */,
			);
			name = Resources;
			sourceTree = "<group>";
		};
		0150E34C1A40AFA60045E015 = {
			isa = PBXGroup;
			children = (
				0150E3571A40AFA60045E015 /* hummingbird */,
				0150E3711A40AFA60045E015 /* hummingbirdTests */,
				0150E3561A40AFA60045E015 /* Products */,
				11E4641DE5BE064F4E1ED3A8 /* Pods */,
				819B664E085DA68787DEBFA0 /* Frameworks */,
			);
			sourceTree = "<group>";
		};
		0150E3561A40AFA60045E015 /* Products */ = {
			isa = PBXGroup;
			children = (
				0150E3551A40AFA60045E015 /* hummingbird.app */,
				0150E36E1A40AFA60045E015 /* hummingbirdTests.xctest */,
			);
			name = Products;
			sourceTree = "<group>";
		};
		0150E3571A40AFA60045E015 /* hummingbird */ = {
			isa = PBXGroup;
			children = (
				012EC9B51AD71A2200EE019C /* Resources */,
				01A453101A5DDFF800C196E5 /* DiscoveryViewController.h */,
				01A453111A5DDFF800C196E5 /* DiscoveryViewController.m */,
				0150E35C1A40AFA60045E015 /* AppDelegate.h */,
				0150E35D1A40AFA60045E015 /* AppDelegate.m */,
				0150E35F1A40AFA60045E015 /* AuthViewController.h */,
				0150E3601A40AFA60045E015 /* AuthViewController.m */,
				0150E3621A40AFA60045E015 /* Main.storyboard */,
				012F05681A5F176900329B22 /* HummingbirdNavigationViewController.h */,
				012F05691A5F176900329B22 /* HummingbirdNavigationViewController.m */,
				01A453131A5DE4A500C196E5 /* GroupCollectionViewCell.h */,
				01A453141A5DE4A500C196E5 /* GroupCollectionViewCell.m */,
				0150E3651A40AFA60045E015 /* Images.xcassets */,
				0150E3671A40AFA60045E015 /* LaunchScreen.xib */,
				0150E3581A40AFA60045E015 /* Supporting Files */,
			);
			path = hummingbird;
			sourceTree = "<group>";
		};
		0150E3581A40AFA60045E015 /* Supporting Files */ = {
			isa = PBXGroup;
			children = (
				0150E3591A40AFA60045E015 /* Info.plist */,
				0150E35A1A40AFA60045E015 /* main.m */,
			);
			name = "Supporting Files";
			sourceTree = "<group>";
		};
		0150E3711A40AFA60045E015 /* hummingbirdTests */ = {
			isa = PBXGroup;
			children = (
				0150E3741A40AFA60045E015 /* hummingbirdTests.m */,
				0150E3721A40AFA60045E015 /* Supporting Files */,
			);
			path = hummingbirdTests;
			sourceTree = "<group>";
		};
		0150E3721A40AFA60045E015 /* Supporting Files */ = {
			isa = PBXGroup;
			children = (
				0150E3731A40AFA60045E015 /* Info.plist */,
			);
			name = "Supporting Files";
			sourceTree = "<group>";
		};
		11E4641DE5BE064F4E1ED3A8 /* Pods */ = {
			isa = PBXGroup;
			children = (
				AF7B361CD53CCD5BBA86E511 /* Pods-hummingbird.debug.xcconfig */,
				749D66F874AC65B0C9CAF588 /* Pods-hummingbird.release.xcconfig */,
			);
			name = Pods;
			sourceTree = "<group>";
		};
		819B664E085DA68787DEBFA0 /* Frameworks */ = {
			isa = PBXGroup;
			children = (
				99E2AE62D2E3E06E8B26E252 /* libPods-hummingbird.a */,
			);
			name = Frameworks;
			sourceTree = "<group>";
		};
/* End PBXGroup section */

/* Begin PBXNativeTarget section */
		0150E3541A40AFA60045E015 /* hummingbird */ = {
			isa = PBXNativeTarget;
			buildConfigurationList = 0150E3781A40AFA60045E015 /* Build configuration list for PBXNativeTarget "hummingbird" */;
			buildPhases = (
				EA71A4CDB04B27BA609E8B8D /* Check Pods Manifest.lock */,
				0150E3511A40AFA60045E015 /* Sources */,
				0150E3521A40AFA60045E015 /* Frameworks */,
				0150E3531A40AFA60045E015 /* Resources */,
				74C6A7E41AE4FD704873AE91 /* Copy Pods Resources */,
			);
			buildRules = (
			);
			dependencies = (
			);
			name = hummingbird;
			productName = hummingbird;
			productReference = 0150E3551A40AFA60045E015 /* hummingbird.app */;
			productType = "com.apple.product-type.application";
		};
		0150E36D1A40AFA60045E015 /* hummingbirdTests */ = {
			isa = PBXNativeTarget;
			buildConfigurationList = 0150E37B1A40AFA60045E015 /* Build configuration list for PBXNativeTarget "hummingbirdTests" */;
			buildPhases = (
				0150E36A1A40AFA60045E015 /* Sources */,
				0150E36B1A40AFA60045E015 /* Frameworks */,
				0150E36C1A40AFA60045E015 /* Resources */,
			);
			buildRules = (
			);
			dependencies = (
				0150E3701A40AFA60045E015 /* PBXTargetDependency */,
			);
			name = hummingbirdTests;
			productName = hummingbirdTests;
			productReference = 0150E36E1A40AFA60045E015 /* hummingbirdTests.xctest */;
			productType = "com.apple.product-type.bundle.unit-test";
		};
/* End PBXNativeTarget section */

/* Begin PBXProject section */
		0150E34D1A40AFA60045E015 /* Project object */ = {
			isa = PBXProject;
			attributes = {
				LastUpgradeCheck = 0610;
				ORGANIZATIONNAME = "Nick Stamas";
				TargetAttributes = {
					0150E3541A40AFA60045E015 = {
						CreatedOnToolsVersion = 6.1.1;
					};
					0150E36D1A40AFA60045E015 = {
						CreatedOnToolsVersion = 6.1.1;
						TestTargetID = 0150E3541A40AFA60045E015;
					};
				};
			};
			buildConfigurationList = 0150E3501A40AFA60045E015 /* Build configuration list for PBXProject "hummingbird" */;
			compatibilityVersion = "Xcode 3.2";
			developmentRegion = English;
			hasScannedForEncodings = 0;
			knownRegions = (
				en,
				Base,
			);
			mainGroup = 0150E34C1A40AFA60045E015;
			productRefGroup = 0150E3561A40AFA60045E015 /* Products */;
			projectDirPath = "";
			projectRoot = "";
			targets = (
				0150E3541A40AFA60045E015 /* hummingbird */,
				0150E36D1A40AFA60045E015 /* hummingbirdTests */,
			);
		};
/* End PBXProject section */

/* Begin PBXResourcesBuildPhase section */
		0150E3531A40AFA60045E015 /* Resources */ = {
			isa = PBXResourcesBuildPhase;
			buildActionMask = 2147483647;
			files = (
				0150E3641A40AFA60045E015 /* Main.storyboard in Resources */,
				0150E3691A40AFA60045E015 /* LaunchScreen.xib in Resources */,
				012EC9BA1AD71A9400EE019C /* WhitneySSm-Bold-Bas.otf in Resources */,
				012EC9BB1AD71A9400EE019C /* WhitneySSm-Book-Bas.otf in Resources */,
				0150E3661A40AFA60045E015 /* Images.xcassets in Resources */,
			);
			runOnlyForDeploymentPostprocessing = 0;
		};
		0150E36C1A40AFA60045E015 /* Resources */ = {
			isa = PBXResourcesBuildPhase;
			buildActionMask = 2147483647;
			files = (
			);
			runOnlyForDeploymentPostprocessing = 0;
		};
/* End PBXResourcesBuildPhase section */

/* Begin PBXShellScriptBuildPhase section */
		74C6A7E41AE4FD704873AE91 /* Copy Pods Resources */ = {
			isa = PBXShellScriptBuildPhase;
			buildActionMask = 2147483647;
			files = (
			);
			inputPaths = (
			);
			name = "Copy Pods Resources";
			outputPaths = (
			);
			runOnlyForDeploymentPostprocessing = 0;
			shellPath = /bin/sh;
			shellScript = "\"${SRCROOT}/Pods/Target Support Files/Pods-hummingbird/Pods-hummingbird-resources.sh\"\n";
			showEnvVarsInLog = 0;
		};
		EA71A4CDB04B27BA609E8B8D /* Check Pods Manifest.lock */ = {
			isa = PBXShellScriptBuildPhase;
			buildActionMask = 2147483647;
			files = (
			);
			inputPaths = (
			);
			name = "Check Pods Manifest.lock";
			outputPaths = (
			);
			runOnlyForDeploymentPostprocessing = 0;
			shellPath = /bin/sh;
			shellScript = "diff \"${PODS_ROOT}/../Podfile.lock\" \"${PODS_ROOT}/Manifest.lock\" > /dev/null\nif [[ $? != 0 ]] ; then\n    cat << EOM\nerror: The sandbox is not in sync with the Podfile.lock. Run 'pod install' or update your CocoaPods installation.\nEOM\n    exit 1\nfi\n";
			showEnvVarsInLog = 0;
		};
/* End PBXShellScriptBuildPhase section */

/* Begin PBXSourcesBuildPhase section */
		0150E3511A40AFA60045E015 /* Sources */ = {
			isa = PBXSourcesBuildPhase;
			buildActionMask = 2147483647;
			files = (
				0150E3611A40AFA60045E015 /* AuthViewController.m in Sources */,
				012F056A1A5F176900329B22 /* HummingbirdNavigationViewController.m in Sources */,
				0150E35E1A40AFA60045E015 /* AppDelegate.m in Sources */,
				0150E35B1A40AFA60045E015 /* main.m in Sources */,
				01A453151A5DE4A500C196E5 /* GroupCollectionViewCell.m in Sources */,
				01A453121A5DDFF800C196E5 /* DiscoveryViewController.m in Sources */,
			);
			runOnlyForDeploymentPostprocessing = 0;
		};
		0150E36A1A40AFA60045E015 /* Sources */ = {
			isa = PBXSourcesBuildPhase;
			buildActionMask = 2147483647;
			files = (
				0150E3751A40AFA60045E015 /* hummingbirdTests.m in Sources */,
			);
			runOnlyForDeploymentPostprocessing = 0;
		};
/* End PBXSourcesBuildPhase section */

/* Begin PBXTargetDependency section */
		0150E3701A40AFA60045E015 /* PBXTargetDependency */ = {
			isa = PBXTargetDependency;
			target = 0150E3541A40AFA60045E015 /* hummingbird */;
			targetProxy = 0150E36F1A40AFA60045E015 /* PBXContainerItemProxy */;
		};
/* End PBXTargetDependency section */

/* Begin PBXVariantGroup section */
		0150E3621A40AFA60045E015 /* Main.storyboard */ = {
			isa = PBXVariantGroup;
			children = (
				0150E3631A40AFA60045E015 /* Base */,
			);
			name = Main.storyboard;
			sourceTree = "<group>";
		};
		0150E3671A40AFA60045E015 /* LaunchScreen.xib */ = {
			isa = PBXVariantGroup;
			children = (
				0150E3681A40AFA60045E015 /* Base */,
			);
			name = LaunchScreen.xib;
			sourceTree = "<group>";
		};
/* End PBXVariantGroup section */

/* Begin XCBuildConfiguration section */
		0150E3761A40AFA60045E015 /* Debug */ = {
			isa = XCBuildConfiguration;
			buildSettings = {
				ALWAYS_SEARCH_USER_PATHS = NO;
				CLANG_CXX_LANGUAGE_STANDARD = "gnu++0x";
				CLANG_CXX_LIBRARY = "libc++";
				CLANG_ENABLE_MODULES = YES;
				CLANG_ENABLE_OBJC_ARC = YES;
				CLANG_WARN_BOOL_CONVERSION = YES;
				CLANG_WARN_CONSTANT_CONVERSION = YES;
				CLANG_WARN_DIRECT_OBJC_ISA_USAGE = YES_ERROR;
				CLANG_WARN_EMPTY_BODY = YES;
				CLANG_WARN_ENUM_CONVERSION = YES;
				CLANG_WARN_INT_CONVERSION = YES;
				CLANG_WARN_OBJC_ROOT_CLASS = YES_ERROR;
				CLANG_WARN_UNREACHABLE_CODE = YES;
				CLANG_WARN__DUPLICATE_METHOD_MATCH = YES;
				"CODE_SIGN_IDENTITY[sdk=iphoneos*]" = "iPhone Developer";
				COPY_PHASE_STRIP = NO;
				ENABLE_STRICT_OBJC_MSGSEND = YES;
				GCC_C_LANGUAGE_STANDARD = gnu99;
				GCC_DYNAMIC_NO_PIC = NO;
				GCC_OPTIMIZATION_LEVEL = 0;
				GCC_PREPROCESSOR_DEFINITIONS = (
					"DEBUG=1",
					"$(inherited)",
				);
				GCC_SYMBOLS_PRIVATE_EXTERN = NO;
				GCC_WARN_64_TO_32_BIT_CONVERSION = YES;
				GCC_WARN_ABOUT_RETURN_TYPE = YES_ERROR;
				GCC_WARN_UNDECLARED_SELECTOR = YES;
				GCC_WARN_UNINITIALIZED_AUTOS = YES_AGGRESSIVE;
				GCC_WARN_UNUSED_FUNCTION = YES;
				GCC_WARN_UNUSED_VARIABLE = YES;
				IPHONEOS_DEPLOYMENT_TARGET = 8.1;
				MTL_ENABLE_DEBUG_INFO = YES;
				ONLY_ACTIVE_ARCH = YES;
				SDKROOT = iphoneos;
			};
			name = Debug;
		};
		0150E3771A40AFA60045E015 /* Release */ = {
			isa = XCBuildConfiguration;
			buildSettings = {
				ALWAYS_SEARCH_USER_PATHS = NO;
				CLANG_CXX_LANGUAGE_STANDARD = "gnu++0x";
				CLANG_CXX_LIBRARY = "libc++";
				CLANG_ENABLE_MODULES = YES;
				CLANG_ENABLE_OBJC_ARC = YES;
				CLANG_WARN_BOOL_CONVERSION = YES;
				CLANG_WARN_CONSTANT_CONVERSION = YES;
				CLANG_WARN_DIRECT_OBJC_ISA_USAGE = YES_ERROR;
				CLANG_WARN_EMPTY_BODY = YES;
				CLANG_WARN_ENUM_CONVERSION = YES;
				CLANG_WARN_INT_CONVERSION = YES;
				CLANG_WARN_OBJC_ROOT_CLASS = YES_ERROR;
				CLANG_WARN_UNREACHABLE_CODE = YES;
				CLANG_WARN__DUPLICATE_METHOD_MATCH = YES;
				"CODE_SIGN_IDENTITY[sdk=iphoneos*]" = "iPhone Developer";
				COPY_PHASE_STRIP = YES;
				ENABLE_NS_ASSERTIONS = NO;
				ENABLE_STRICT_OBJC_MSGSEND = YES;
				GCC_C_LANGUAGE_STANDARD = gnu99;
				GCC_WARN_64_TO_32_BIT_CONVERSION = YES;
				GCC_WARN_ABOUT_RETURN_TYPE = YES_ERROR;
				GCC_WARN_UNDECLARED_SELECTOR = YES;
				GCC_WARN_UNINITIALIZED_AUTOS = YES_AGGRESSIVE;
				GCC_WARN_UNUSED_FUNCTION = YES;
				GCC_WARN_UNUSED_VARIABLE = YES;
				IPHONEOS_DEPLOYMENT_TARGET = 8.1;
				MTL_ENABLE_DEBUG_INFO = NO;
				SDKROOT = iphoneos;
				VALIDATE_PRODUCT = YES;
			};
			name = Release;
		};
		0150E3791A40AFA60045E015 /* Debug */ = {
			isa = XCBuildConfiguration;
			baseConfigurationReference = AF7B361CD53CCD5BBA86E511 /* Pods-hummingbird.debug.xcconfig */;
			buildSettings = {
				ASSETCATALOG_COMPILER_APPICON_NAME = AppIcon;
				INFOPLIST_FILE = hummingbird/Info.plist;
				LD_RUNPATH_SEARCH_PATHS = "$(inherited) @executable_path/Frameworks";
				PRODUCT_NAME = "$(TARGET_NAME)";
			};
			name = Debug;
		};
		0150E37A1A40AFA60045E015 /* Release */ = {
			isa = XCBuildConfiguration;
			baseConfigurationReference = 749D66F874AC65B0C9CAF588 /* Pods-hummingbird.release.xcconfig */;
			buildSettings = {
				ASSETCATALOG_COMPILER_APPICON_NAME = AppIcon;
				INFOPLIST_FILE = hummingbird/Info.plist;
				LD_RUNPATH_SEARCH_PATHS = "$(inherited) @executable_path/Frameworks";
				PRODUCT_NAME = "$(TARGET_NAME)";
			};
			name = Release;
		};
		0150E37C1A40AFA60045E015 /* Debug */ = {
			isa = XCBuildConfiguration;
			buildSettings = {
				BUNDLE_LOADER = "$(TEST_HOST)";
				FRAMEWORK_SEARCH_PATHS = (
					"$(SDKROOT)/Developer/Library/Frameworks",
					"$(inherited)",
				);
				GCC_PREPROCESSOR_DEFINITIONS = (
					"DEBUG=1",
					"$(inherited)",
				);
				INFOPLIST_FILE = hummingbirdTests/Info.plist;
				LD_RUNPATH_SEARCH_PATHS = "$(inherited) @executable_path/Frameworks @loader_path/Frameworks";
				PRODUCT_NAME = "$(TARGET_NAME)";
				TEST_HOST = "$(BUILT_PRODUCTS_DIR)/hummingbird.app/hummingbird";
			};
			name = Debug;
		};
		0150E37D1A40AFA60045E015 /* Release */ = {
			isa = XCBuildConfiguration;
			buildSettings = {
				BUNDLE_LOADER = "$(TEST_HOST)";
				FRAMEWORK_SEARCH_PATHS = (
					"$(SDKROOT)/Developer/Library/Frameworks",
					"$(inherited)",
				);
				INFOPLIST_FILE = hummingbirdTests/Info.plist;
				LD_RUNPATH_SEARCH_PATHS = "$(inherited) @executable_path/Frameworks @loader_path/Frameworks";
				PRODUCT_NAME = "$(TARGET_NAME)";
				TEST_HOST = "$(BUILT_PRODUCTS_DIR)/hummingbird.app/hummingbird";
			};
			name = Release;
		};
/* End XCBuildConfiguration section */

/* Begin XCConfigurationList section */
		0150E3501A40AFA60045E015 /* Build configuration list for PBXProject "hummingbird" */ = {
			isa = XCConfigurationList;
			buildConfigurations = (
				0150E3761A40AFA60045E015 /* Debug */,
				0150E3771A40AFA60045E015 /* Release */,
			);
			defaultConfigurationIsVisible = 0;
			defaultConfigurationName = Release;
		};
		0150E3781A40AFA60045E015 /* Build configuration list for PBXNativeTarget "hummingbird" */ = {
			isa = XCConfigurationList;
			buildConfigurations = (
				0150E3791A40AFA60045E015 /* Debug */,
				0150E37A1A40AFA60045E015 /* Release */,
			);
			defaultConfigurationIsVisible = 0;
			defaultConfigurationName = Release;
		};
		0150E37B1A40AFA60045E015 /* Build configuration list for PBXNativeTarget "hummingbirdTests" */ = {
			isa = XCConfigurationList;
			buildConfigurations = (
				0150E37C1A40AFA60045E015 /* Debug */,
				0150E37D1A40AFA60045E015 /* Release */,
			);
			defaultConfigurationIsVisible = 0;
			defaultConfigurationName = Release;
		};
/* End XCConfigurationList section */
	};
	rootObject = 0150E34D1A40AFA60045E015 /* Project object */;
}
